# THIS IS AN AUTOGENERATED FILE. DO NOT EDIT THIS FILE DIRECTLY.
# yarn lockfile v1


"@commander-js/extra-typings@^11.0.0":
  version "11.0.0"
  resolved "https://registry.yarnpkg.com/@commander-js/extra-typings/-/extra-typings-11.0.0.tgz#eb922a59550454cad1f319d3d33e675e12e92fa0"
  integrity sha512-06ol6Kn5gPjFY6v0vWOZ84nQwyqhZdaeZCHYH3vhwewjpOEjniF1KHZxh18887G3poWiJ8qyq5pb6ANuiddfPQ==

"@types/node@^20.4.9":
  version "20.4.9"
  resolved "https://registry.yarnpkg.com/@types/node/-/node-20.4.9.tgz#c7164e0f8d3f12dfae336af0b1f7fdec8c6b204f"
  integrity sha512-8e2HYcg7ohnTUbHk8focoklEQYvemQmu9M/f43DZVx43kHn0tE3BY/6gSDxS7k0SprtS0NHvj+L80cGLnoOUcQ==

commander@^11.0.0:
  version "11.0.0"
  resolved "https://registry.yarnpkg.com/commander/-/commander-11.0.0.tgz#43e19c25dbedc8256203538e8d7e9346877a6f67"
  integrity sha512-9HMlXtt/BNoYr8ooyjjNRdIilOTkVJXB+GhxMTtOKwk0R4j4lS4NpjuqmRxroBfnfTSHQIHQB7wryHhXarNjmQ==

typescript@^5.1.6:
  version "5.1.6"
  resolved "https://registry.yarnpkg.com/typescript/-/typescript-5.1.6.tgz#02f8ac202b6dad2c0dd5e0913745b47a37998274"
  integrity sha512-zaWCozRZ6DLEWAWFrVDz1H6FVXzUSfTy5FUMWsQlU8Ym5JP9eO4xkTIROFCQvhQf61z6O/G6ugw3SgAnvvm+HA==
